// !$*UTF8*$!
{
	archiveVersion = 1;
	classes = {
	};
	objectVersion = 46;
	objects = {

/* Begin PBXAggregateTarget section */
		"Tutti::TuttiPackageTests::ProductTarget" /* TuttiPackageTests */ = {
			isa = PBXAggregateTarget;
			buildConfigurationList = OBJ_316 /* Build configuration list for PBXAggregateTarget "TuttiPackageTests" */;
			buildPhases = (
			);
			dependencies = (
				OBJ_319 /* PBXTargetDependency */,
			);
			name = TuttiPackageTests;
			productName = TuttiPackageTests;
		};
/* End PBXAggregateTarget section */

/* Begin PBXBuildFile section */
		842BE8C6234A974700ED2260 /* AppDelegate.swift in Sources */ = {isa = PBXBuildFile; fileRef = 842BE8C5234A974700ED2260 /* AppDelegate.swift */; };
		842BE8C8234A974700ED2260 /* SceneDelegate.swift in Sources */ = {isa = PBXBuildFile; fileRef = 842BE8C7234A974700ED2260 /* SceneDelegate.swift */; };
		842BE8CD234A974700ED2260 /* Main.storyboard in Resources */ = {isa = PBXBuildFile; fileRef = 842BE8CB234A974700ED2260 /* Main.storyboard */; };
		842BE8CF234A974800ED2260 /* Assets.xcassets in Resources */ = {isa = PBXBuildFile; fileRef = 842BE8CE234A974800ED2260 /* Assets.xcassets */; };
		842BE8D2234A974800ED2260 /* LaunchScreen.storyboard in Resources */ = {isa = PBXBuildFile; fileRef = 842BE8D0234A974800ED2260 /* LaunchScreen.storyboard */; };
		84722559234A999F00283684 /* Localizable.strings in Resources */ = {isa = PBXBuildFile; fileRef = 84722557234A999F00283684 /* Localizable.strings */; };
		84722561234A9A3700283684 /* ViewController.swift in Sources */ = {isa = PBXBuildFile; fileRef = 8472255E234A9A3600283684 /* ViewController.swift */; };
		84722562234A9A3700283684 /* ViewController+Hints.swift in Sources */ = {isa = PBXBuildFile; fileRef = 8472255D234A9A3600283684 /* ViewController+Hints.swift */; };
		84722563234A9A3700283684 /* ViewController+TableView.swift in Sources */ = {isa = PBXBuildFile; fileRef = 84722560234A9A3700283684 /* ViewController+TableView.swift */; };
		84722564234A9A3700283684 /* ViewController+User.swift in Sources */ = {isa = PBXBuildFile; fileRef = 8472255F234A9A3600283684 /* ViewController+User.swift */; };
		84722565234A9A3700283684 /* ViewController+Tutorials.swift in Sources */ = {isa = PBXBuildFile; fileRef = 8472255C234A9A3600283684 /* ViewController+Tutorials.swift */; };
		8472256B234A9A5200283684 /* TableViewOption.swift in Sources */ = {isa = PBXBuildFile; fileRef = 84722567234A9A5200283684 /* TableViewOption.swift */; };
		8472256C234A9A5200283684 /* TutorialViewControllerCell.xib in Resources */ = {isa = PBXBuildFile; fileRef = 84722569234A9A5200283684 /* TutorialViewControllerCell.xib */; };
		8472256D234A9A5200283684 /* TutorialViewController.xib in Resources */ = {isa = PBXBuildFile; fileRef = 8472256A234A9A5200283684 /* TutorialViewController.xib */; };
		8472256F234A9A9600283684 /* Tutti.framework in Frameworks */ = {isa = PBXBuildFile; fileRef = "Tutti::Tutti::Product" /* Tutti.framework */; };
		84722570234A9A9600283684 /* Tutti.framework in Embed Frameworks */ = {isa = PBXBuildFile; fileRef = "Tutti::Tutti::Product" /* Tutti.framework */; settings = {ATTRIBUTES = (CodeSignOnCopy, RemoveHeadersOnCopy, ); }; };
		84722575234A9B1900283684 /* ViewController+Appearance.swift in Sources */ = {isa = PBXBuildFile; fileRef = 84722574234A9B1900283684 /* ViewController+Appearance.swift */; };
		OBJ_285 /* UIScrollView+Page.swift in Sources */ = {isa = PBXBuildFile; fileRef = OBJ_10 /* UIScrollView+Page.swift */; };
		OBJ_286 /* CorrectBehaviorOnboarding.swift in Sources */ = {isa = PBXBuildFile; fileRef = OBJ_12 /* CorrectBehaviorOnboarding.swift */; };
		OBJ_287 /* DeferredOnboarding.swift in Sources */ = {isa = PBXBuildFile; fileRef = OBJ_13 /* DeferredOnboarding.swift */; };
		OBJ_288 /* Onboarding.swift in Sources */ = {isa = PBXBuildFile; fileRef = OBJ_14 /* Onboarding.swift */; };
		OBJ_289 /* OnboardingPersistence.swift in Sources */ = {isa = PBXBuildFile; fileRef = OBJ_15 /* OnboardingPersistence.swift */; };
		OBJ_290 /* OnboardingPresenter.swift in Sources */ = {isa = PBXBuildFile; fileRef = OBJ_16 /* OnboardingPresenter.swift */; };
		OBJ_291 /* CorrectBehaviorHint.swift in Sources */ = {isa = PBXBuildFile; fileRef = OBJ_19 /* CorrectBehaviorHint.swift */; };
		OBJ_292 /* DeferredHint.swift in Sources */ = {isa = PBXBuildFile; fileRef = OBJ_20 /* DeferredHint.swift */; };
		OBJ_293 /* Hint.swift in Sources */ = {isa = PBXBuildFile; fileRef = OBJ_21 /* Hint.swift */; };
		OBJ_294 /* StandardHint.swift in Sources */ = {isa = PBXBuildFile; fileRef = OBJ_22 /* StandardHint.swift */; };
		OBJ_295 /* AlertHintPresenter.swift in Sources */ = {isa = PBXBuildFile; fileRef = OBJ_24 /* AlertHintPresenter.swift */; };
		OBJ_296 /* CalloutHintPresenter.swift in Sources */ = {isa = PBXBuildFile; fileRef = OBJ_25 /* CalloutHintPresenter.swift */; };
		OBJ_297 /* CalloutView.swift in Sources */ = {isa = PBXBuildFile; fileRef = OBJ_26 /* CalloutView.swift */; };
		OBJ_298 /* HintPresenter.swift in Sources */ = {isa = PBXBuildFile; fileRef = OBJ_27 /* HintPresenter.swift */; };
		OBJ_299 /* FadeInTransition.swift in Sources */ = {isa = PBXBuildFile; fileRef = OBJ_29 /* FadeInTransition.swift */; };
		OBJ_300 /* TutorialTransition.swift in Sources */ = {isa = PBXBuildFile; fileRef = OBJ_30 /* TutorialTransition.swift */; };
		OBJ_301 /* CorrectBehaviorTutorial.swift in Sources */ = {isa = PBXBuildFile; fileRef = OBJ_33 /* CorrectBehaviorTutorial.swift */; };
		OBJ_302 /* DeferredTutorial.swift in Sources */ = {isa = PBXBuildFile; fileRef = OBJ_34 /* DeferredTutorial.swift */; };
		OBJ_303 /* StandardTutorial.swift in Sources */ = {isa = PBXBuildFile; fileRef = OBJ_35 /* StandardTutorial.swift */; };
		OBJ_304 /* Tutorial.swift in Sources */ = {isa = PBXBuildFile; fileRef = OBJ_36 /* Tutorial.swift */; };
		OBJ_305 /* TutorialPresenter.swift in Sources */ = {isa = PBXBuildFile; fileRef = OBJ_38 /* TutorialPresenter.swift */; };
		OBJ_306 /* TutorialViewController.swift in Sources */ = {isa = PBXBuildFile; fileRef = OBJ_39 /* TutorialViewController.swift */; };
		OBJ_307 /* TutorialViewControllerCell.swift in Sources */ = {isa = PBXBuildFile; fileRef = OBJ_40 /* TutorialViewControllerCell.swift */; };
		OBJ_314 /* Package.swift in Sources */ = {isa = PBXBuildFile; fileRef = OBJ_6 /* Package.swift */; };
		OBJ_325 /* DeferredOnboardingTests.swift in Sources */ = {isa = PBXBuildFile; fileRef = OBJ_44 /* DeferredOnboardingTests.swift */; };
		OBJ_326 /* MockDeferredOnboarding.swift in Sources */ = {isa = PBXBuildFile; fileRef = OBJ_46 /* MockDeferredOnboarding.swift */; };
		OBJ_327 /* MockOnboarding.swift in Sources */ = {isa = PBXBuildFile; fileRef = OBJ_47 /* MockOnboarding.swift */; };
		OBJ_328 /* MockOnboardingPersistence.swift in Sources */ = {isa = PBXBuildFile; fileRef = OBJ_48 /* MockOnboardingPersistence.swift */; };
		OBJ_329 /* OnboardingTests.swift in Sources */ = {isa = PBXBuildFile; fileRef = OBJ_49 /* OnboardingTests.swift */; };
		OBJ_330 /* MockHintPresenter.swift in Sources */ = {isa = PBXBuildFile; fileRef = OBJ_52 /* MockHintPresenter.swift */; };
		OBJ_331 /* StandardDeferredHintTests.swift in Sources */ = {isa = PBXBuildFile; fileRef = OBJ_54 /* StandardDeferredHintTests.swift */; };
		OBJ_332 /* StandardHintTests.swift in Sources */ = {isa = PBXBuildFile; fileRef = OBJ_55 /* StandardHintTests.swift */; };
		OBJ_333 /* MockTutorialPresenter.swift in Sources */ = {isa = PBXBuildFile; fileRef = OBJ_58 /* MockTutorialPresenter.swift */; };
		OBJ_334 /* DeferredTutorialTests.swift in Sources */ = {isa = PBXBuildFile; fileRef = OBJ_60 /* DeferredTutorialTests.swift */; };
		OBJ_335 /* StandardTutorialTests.swift in Sources */ = {isa = PBXBuildFile; fileRef = OBJ_61 /* StandardTutorialTests.swift */; };
		OBJ_336 /* TutorialTests.swift in Sources */ = {isa = PBXBuildFile; fileRef = OBJ_62 /* TutorialTests.swift */; };
		OBJ_337 /* XCTestManifests.swift in Sources */ = {isa = PBXBuildFile; fileRef = OBJ_63 /* XCTestManifests.swift */; };
		OBJ_342 /* Tutti.framework in Frameworks */ = {isa = PBXBuildFile; fileRef = "Tutti::Tutti::Product" /* Tutti.framework */; };
/* End PBXBuildFile section */

/* Begin PBXContainerItemProxy section */
		842BE8B9234A962D00ED2260 /* PBXContainerItemProxy */ = {
			isa = PBXContainerItemProxy;
			containerPortal = OBJ_1 /* Project object */;
			proxyType = 1;
			remoteGlobalIDString = "Tutti::Tutti";
			remoteInfo = Tutti;
		};
		842BE8BA234A962F00ED2260 /* PBXContainerItemProxy */ = {
			isa = PBXContainerItemProxy;
			containerPortal = OBJ_1 /* Project object */;
			proxyType = 1;
			remoteGlobalIDString = "Tutti::TuttiTests";
			remoteInfo = TuttiTests;
		};
		84722571234A9A9600283684 /* PBXContainerItemProxy */ = {
			isa = PBXContainerItemProxy;
			containerPortal = OBJ_1 /* Project object */;
			proxyType = 1;
			remoteGlobalIDString = "Tutti::Tutti";
			remoteInfo = Tutti;
		};
/* End PBXContainerItemProxy section */

/* Begin PBXCopyFilesBuildPhase section */
		84722573234A9A9600283684 /* Embed Frameworks */ = {
			isa = PBXCopyFilesBuildPhase;
			buildActionMask = 2147483647;
			dstPath = "";
			dstSubfolderSpec = 10;
			files = (
				84722570234A9A9600283684 /* Tutti.framework in Embed Frameworks */,
			);
			name = "Embed Frameworks";
			runOnlyForDeploymentPostprocessing = 0;
		};
/* End PBXCopyFilesBuildPhase section */

/* Begin PBXFileReference section */
		842BE8BD234A969B00ED2260 /* .gitignore */ = {isa = PBXFileReference; lastKnownFileType = text; path = .gitignore; sourceTree = "<group>"; };
		842BE8BE234A969B00ED2260 /* .swiftlint.yml */ = {isa = PBXFileReference; lastKnownFileType = text.yaml; path = .swiftlint.yml; sourceTree = "<group>"; };
		842BE8C3234A974700ED2260 /* TuttiDemo.app */ = {isa = PBXFileReference; explicitFileType = wrapper.application; includeInIndex = 0; path = TuttiDemo.app; sourceTree = BUILT_PRODUCTS_DIR; };
		842BE8C5234A974700ED2260 /* AppDelegate.swift */ = {isa = PBXFileReference; lastKnownFileType = sourcecode.swift; path = AppDelegate.swift; sourceTree = "<group>"; };
		842BE8C7234A974700ED2260 /* SceneDelegate.swift */ = {isa = PBXFileReference; lastKnownFileType = sourcecode.swift; path = SceneDelegate.swift; sourceTree = "<group>"; };
		842BE8CC234A974700ED2260 /* Base */ = {isa = PBXFileReference; lastKnownFileType = file.storyboard; name = Base; path = Base.lproj/Main.storyboard; sourceTree = "<group>"; };
		842BE8CE234A974800ED2260 /* Assets.xcassets */ = {isa = PBXFileReference; lastKnownFileType = folder.assetcatalog; path = Assets.xcassets; sourceTree = "<group>"; };
		842BE8D1234A974800ED2260 /* Base */ = {isa = PBXFileReference; lastKnownFileType = file.storyboard; name = Base; path = Base.lproj/LaunchScreen.storyboard; sourceTree = "<group>"; };
		842BE8D3234A974800ED2260 /* Info.plist */ = {isa = PBXFileReference; lastKnownFileType = text.plist.xml; path = Info.plist; sourceTree = "<group>"; };
		84722558234A999F00283684 /* Base */ = {isa = PBXFileReference; lastKnownFileType = text.plist.strings; name = Base; path = Base.lproj/Localizable.strings; sourceTree = "<group>"; };
		8472255C234A9A3600283684 /* ViewController+Tutorials.swift */ = {isa = PBXFileReference; lastKnownFileType = sourcecode.swift; path = "ViewController+Tutorials.swift"; sourceTree = "<group>"; };
		8472255D234A9A3600283684 /* ViewController+Hints.swift */ = {isa = PBXFileReference; lastKnownFileType = sourcecode.swift; path = "ViewController+Hints.swift"; sourceTree = "<group>"; };
		8472255E234A9A3600283684 /* ViewController.swift */ = {isa = PBXFileReference; lastKnownFileType = sourcecode.swift; path = ViewController.swift; sourceTree = "<group>"; };
		8472255F234A9A3600283684 /* ViewController+User.swift */ = {isa = PBXFileReference; lastKnownFileType = sourcecode.swift; path = "ViewController+User.swift"; sourceTree = "<group>"; };
		84722560234A9A3700283684 /* ViewController+TableView.swift */ = {isa = PBXFileReference; lastKnownFileType = sourcecode.swift; path = "ViewController+TableView.swift"; sourceTree = "<group>"; };
		84722567234A9A5200283684 /* TableViewOption.swift */ = {isa = PBXFileReference; fileEncoding = 4; lastKnownFileType = sourcecode.swift; path = TableViewOption.swift; sourceTree = "<group>"; };
		84722569234A9A5200283684 /* TutorialViewControllerCell.xib */ = {isa = PBXFileReference; fileEncoding = 4; lastKnownFileType = file.xib; path = TutorialViewControllerCell.xib; sourceTree = "<group>"; };
		8472256A234A9A5200283684 /* TutorialViewController.xib */ = {isa = PBXFileReference; fileEncoding = 4; lastKnownFileType = file.xib; path = TutorialViewController.xib; sourceTree = "<group>"; };
		84722574234A9B1900283684 /* ViewController+Appearance.swift */ = {isa = PBXFileReference; fileEncoding = 4; lastKnownFileType = sourcecode.swift; path = "ViewController+Appearance.swift"; sourceTree = "<group>"; };
		OBJ_10 /* UIScrollView+Page.swift */ = {isa = PBXFileReference; lastKnownFileType = sourcecode.swift; path = "UIScrollView+Page.swift"; sourceTree = "<group>"; };
		OBJ_12 /* CorrectBehaviorOnboarding.swift */ = {isa = PBXFileReference; lastKnownFileType = sourcecode.swift; path = CorrectBehaviorOnboarding.swift; sourceTree = "<group>"; };
		OBJ_13 /* DeferredOnboarding.swift */ = {isa = PBXFileReference; lastKnownFileType = sourcecode.swift; path = DeferredOnboarding.swift; sourceTree = "<group>"; };
		OBJ_14 /* Onboarding.swift */ = {isa = PBXFileReference; lastKnownFileType = sourcecode.swift; path = Onboarding.swift; sourceTree = "<group>"; };
		OBJ_15 /* OnboardingPersistence.swift */ = {isa = PBXFileReference; lastKnownFileType = sourcecode.swift; path = OnboardingPersistence.swift; sourceTree = "<group>"; };
		OBJ_16 /* OnboardingPresenter.swift */ = {isa = PBXFileReference; lastKnownFileType = sourcecode.swift; path = OnboardingPresenter.swift; sourceTree = "<group>"; };
		OBJ_163 /* Resources */ = {isa = PBXFileReference; lastKnownFileType = folder; path = Resources; sourceTree = SOURCE_ROOT; };
		OBJ_164 /* Fastlane */ = {isa = PBXFileReference; lastKnownFileType = folder; path = Fastlane; sourceTree = SOURCE_ROOT; };
		OBJ_166 /* Tutti.podspec */ = {isa = PBXFileReference; lastKnownFileType = text; path = Tutti.podspec; sourceTree = "<group>"; };
		OBJ_167 /* LICENSE */ = {isa = PBXFileReference; lastKnownFileType = text; path = LICENSE; sourceTree = "<group>"; };
		OBJ_168 /* README.md */ = {isa = PBXFileReference; lastKnownFileType = net.daringfireball.markdown; path = README.md; sourceTree = "<group>"; };
		OBJ_169 /* RELEASE_NOTES.md */ = {isa = PBXFileReference; lastKnownFileType = net.daringfireball.markdown; path = RELEASE_NOTES.md; sourceTree = "<group>"; };
		OBJ_19 /* CorrectBehaviorHint.swift */ = {isa = PBXFileReference; lastKnownFileType = sourcecode.swift; path = CorrectBehaviorHint.swift; sourceTree = "<group>"; };
		OBJ_20 /* DeferredHint.swift */ = {isa = PBXFileReference; lastKnownFileType = sourcecode.swift; path = DeferredHint.swift; sourceTree = "<group>"; };
		OBJ_21 /* Hint.swift */ = {isa = PBXFileReference; lastKnownFileType = sourcecode.swift; path = Hint.swift; sourceTree = "<group>"; };
		OBJ_22 /* StandardHint.swift */ = {isa = PBXFileReference; lastKnownFileType = sourcecode.swift; path = StandardHint.swift; sourceTree = "<group>"; };
		OBJ_24 /* AlertHintPresenter.swift */ = {isa = PBXFileReference; lastKnownFileType = sourcecode.swift; path = AlertHintPresenter.swift; sourceTree = "<group>"; };
		OBJ_25 /* CalloutHintPresenter.swift */ = {isa = PBXFileReference; lastKnownFileType = sourcecode.swift; path = CalloutHintPresenter.swift; sourceTree = "<group>"; };
		OBJ_26 /* CalloutView.swift */ = {isa = PBXFileReference; lastKnownFileType = sourcecode.swift; path = CalloutView.swift; sourceTree = "<group>"; };
		OBJ_27 /* HintPresenter.swift */ = {isa = PBXFileReference; lastKnownFileType = sourcecode.swift; path = HintPresenter.swift; sourceTree = "<group>"; };
		OBJ_29 /* FadeInTransition.swift */ = {isa = PBXFileReference; lastKnownFileType = sourcecode.swift; path = FadeInTransition.swift; sourceTree = "<group>"; };
		OBJ_30 /* TutorialTransition.swift */ = {isa = PBXFileReference; lastKnownFileType = sourcecode.swift; path = TutorialTransition.swift; sourceTree = "<group>"; };
		OBJ_33 /* CorrectBehaviorTutorial.swift */ = {isa = PBXFileReference; lastKnownFileType = sourcecode.swift; path = CorrectBehaviorTutorial.swift; sourceTree = "<group>"; };
		OBJ_34 /* DeferredTutorial.swift */ = {isa = PBXFileReference; lastKnownFileType = sourcecode.swift; path = DeferredTutorial.swift; sourceTree = "<group>"; };
		OBJ_35 /* StandardTutorial.swift */ = {isa = PBXFileReference; lastKnownFileType = sourcecode.swift; path = StandardTutorial.swift; sourceTree = "<group>"; };
		OBJ_36 /* Tutorial.swift */ = {isa = PBXFileReference; lastKnownFileType = sourcecode.swift; path = Tutorial.swift; sourceTree = "<group>"; };
		OBJ_38 /* TutorialPresenter.swift */ = {isa = PBXFileReference; lastKnownFileType = sourcecode.swift; path = TutorialPresenter.swift; sourceTree = "<group>"; };
		OBJ_39 /* TutorialViewController.swift */ = {isa = PBXFileReference; lastKnownFileType = sourcecode.swift; path = TutorialViewController.swift; sourceTree = "<group>"; };
		OBJ_40 /* TutorialViewControllerCell.swift */ = {isa = PBXFileReference; lastKnownFileType = sourcecode.swift; path = TutorialViewControllerCell.swift; sourceTree = "<group>"; };
		OBJ_44 /* DeferredOnboardingTests.swift */ = {isa = PBXFileReference; lastKnownFileType = sourcecode.swift; path = DeferredOnboardingTests.swift; sourceTree = "<group>"; };
		OBJ_46 /* MockDeferredOnboarding.swift */ = {isa = PBXFileReference; lastKnownFileType = sourcecode.swift; path = MockDeferredOnboarding.swift; sourceTree = "<group>"; };
		OBJ_47 /* MockOnboarding.swift */ = {isa = PBXFileReference; lastKnownFileType = sourcecode.swift; path = MockOnboarding.swift; sourceTree = "<group>"; };
		OBJ_48 /* MockOnboardingPersistence.swift */ = {isa = PBXFileReference; lastKnownFileType = sourcecode.swift; path = MockOnboardingPersistence.swift; sourceTree = "<group>"; };
		OBJ_49 /* OnboardingTests.swift */ = {isa = PBXFileReference; lastKnownFileType = sourcecode.swift; path = OnboardingTests.swift; sourceTree = "<group>"; };
		OBJ_52 /* MockHintPresenter.swift */ = {isa = PBXFileReference; lastKnownFileType = sourcecode.swift; path = MockHintPresenter.swift; sourceTree = "<group>"; };
		OBJ_54 /* StandardDeferredHintTests.swift */ = {isa = PBXFileReference; lastKnownFileType = sourcecode.swift; path = StandardDeferredHintTests.swift; sourceTree = "<group>"; };
		OBJ_55 /* StandardHintTests.swift */ = {isa = PBXFileReference; lastKnownFileType = sourcecode.swift; path = StandardHintTests.swift; sourceTree = "<group>"; };
		OBJ_58 /* MockTutorialPresenter.swift */ = {isa = PBXFileReference; lastKnownFileType = sourcecode.swift; path = MockTutorialPresenter.swift; sourceTree = "<group>"; };
		OBJ_6 /* Package.swift */ = {isa = PBXFileReference; explicitFileType = sourcecode.swift; path = Package.swift; sourceTree = "<group>"; };
		OBJ_60 /* DeferredTutorialTests.swift */ = {isa = PBXFileReference; lastKnownFileType = sourcecode.swift; path = DeferredTutorialTests.swift; sourceTree = "<group>"; };
		OBJ_61 /* StandardTutorialTests.swift */ = {isa = PBXFileReference; lastKnownFileType = sourcecode.swift; path = StandardTutorialTests.swift; sourceTree = "<group>"; };
		OBJ_62 /* TutorialTests.swift */ = {isa = PBXFileReference; lastKnownFileType = sourcecode.swift; path = TutorialTests.swift; sourceTree = "<group>"; };
		OBJ_63 /* XCTestManifests.swift */ = {isa = PBXFileReference; lastKnownFileType = sourcecode.swift; path = XCTestManifests.swift; sourceTree = "<group>"; };
		"Tutti::Tutti::Product" /* Tutti.framework */ = {isa = PBXFileReference; explicitFileType = wrapper.framework; path = Tutti.framework; sourceTree = BUILT_PRODUCTS_DIR; };
		"Tutti::TuttiTests::Product" /* TuttiTests.xctest */ = {isa = PBXFileReference; explicitFileType = wrapper.cfbundle; path = TuttiTests.xctest; sourceTree = BUILT_PRODUCTS_DIR; };
/* End PBXFileReference section */

/* Begin PBXFrameworksBuildPhase section */
		842BE8C0234A974700ED2260 /* Frameworks */ = {
			isa = PBXFrameworksBuildPhase;
			buildActionMask = 2147483647;
			files = (
				8472256F234A9A9600283684 /* Tutti.framework in Frameworks */,
			);
			runOnlyForDeploymentPostprocessing = 0;
		};
		OBJ_308 /* Frameworks */ = {
			isa = PBXFrameworksBuildPhase;
			buildActionMask = 0;
			files = (
			);
			runOnlyForDeploymentPostprocessing = 0;
		};
		OBJ_338 /* Frameworks */ = {
			isa = PBXFrameworksBuildPhase;
			buildActionMask = 0;
			files = (
				OBJ_342 /* Tutti.framework in Frameworks */,
			);
			runOnlyForDeploymentPostprocessing = 0;
		};
/* End PBXFrameworksBuildPhase section */

/* Begin PBXGroup section */
		842BE8BC234A968500ED2260 /* Project Files */ = {
			isa = PBXGroup;
			children = (
				842BE8BD234A969B00ED2260 /* .gitignore */,
				842BE8BE234A969B00ED2260 /* .swiftlint.yml */,
				OBJ_166 /* Tutti.podspec */,
				OBJ_167 /* LICENSE */,
				OBJ_168 /* README.md */,
				OBJ_169 /* RELEASE_NOTES.md */,
			);
			name = "Project Files";
			sourceTree = "<group>";
		};
		842BE8C4234A974700ED2260 /* TuttiDemo */ = {
			isa = PBXGroup;
			children = (
				842BE8CE234A974800ED2260 /* Assets.xcassets */,
				84722566234A9A5200283684 /* Options */,
				8472255A234A99A500283684 /* Supporting Files */,
				84722568234A9A5200283684 /* UI */,
				84722557234A999F00283684 /* Localizable.strings */,
				8472255E234A9A3600283684 /* ViewController.swift */,
				84722574234A9B1900283684 /* ViewController+Appearance.swift */,
				8472255D234A9A3600283684 /* ViewController+Hints.swift */,
				84722560234A9A3700283684 /* ViewController+TableView.swift */,
				8472255C234A9A3600283684 /* ViewController+Tutorials.swift */,
				8472255F234A9A3600283684 /* ViewController+User.swift */,
			);
			path = TuttiDemo;
			sourceTree = "<group>";
		};
		8472255A234A99A500283684 /* Supporting Files */ = {
			isa = PBXGroup;
			children = (
				842BE8CB234A974700ED2260 /* Main.storyboard */,
				842BE8D0234A974800ED2260 /* LaunchScreen.storyboard */,
				842BE8D3234A974800ED2260 /* Info.plist */,
				842BE8C5234A974700ED2260 /* AppDelegate.swift */,
				842BE8C7234A974700ED2260 /* SceneDelegate.swift */,
			);
			name = "Supporting Files";
			sourceTree = "<group>";
		};
		84722566234A9A5200283684 /* Options */ = {
			isa = PBXGroup;
			children = (
				84722567234A9A5200283684 /* TableViewOption.swift */,
			);
			path = Options;
			sourceTree = "<group>";
		};
		84722568234A9A5200283684 /* UI */ = {
			isa = PBXGroup;
			children = (
				84722569234A9A5200283684 /* TutorialViewControllerCell.xib */,
				8472256A234A9A5200283684 /* TutorialViewController.xib */,
			);
			path = UI;
			sourceTree = "<group>";
		};
		8472256E234A9A9600283684 /* Frameworks */ = {
			isa = PBXGroup;
			children = (
			);
			name = Frameworks;
			sourceTree = "<group>";
		};
		OBJ_11 /* General */ = {
			isa = PBXGroup;
			children = (
				OBJ_12 /* CorrectBehaviorOnboarding.swift */,
				OBJ_13 /* DeferredOnboarding.swift */,
				OBJ_14 /* Onboarding.swift */,
				OBJ_15 /* OnboardingPersistence.swift */,
				OBJ_16 /* OnboardingPresenter.swift */,
			);
			path = General;
			sourceTree = "<group>";
		};
		OBJ_157 /* Products */ = {
			isa = PBXGroup;
			children = (
				"Tutti::Tutti::Product" /* Tutti.framework */,
				"Tutti::TuttiTests::Product" /* TuttiTests.xctest */,
				842BE8C3234A974700ED2260 /* TuttiDemo.app */,
			);
			name = Products;
			sourceTree = BUILT_PRODUCTS_DIR;
		};
		OBJ_17 /* Hints */ = {
			isa = PBXGroup;
			children = (
				OBJ_18 /* Models */,
				OBJ_23 /* Presenters */,
			);
			path = Hints;
			sourceTree = "<group>";
		};
		OBJ_18 /* Models */ = {
			isa = PBXGroup;
			children = (
				OBJ_19 /* CorrectBehaviorHint.swift */,
				OBJ_20 /* DeferredHint.swift */,
				OBJ_21 /* Hint.swift */,
				OBJ_22 /* StandardHint.swift */,
			);
			path = Models;
			sourceTree = "<group>";
		};
		OBJ_23 /* Presenters */ = {
			isa = PBXGroup;
			children = (
				OBJ_24 /* AlertHintPresenter.swift */,
				OBJ_25 /* CalloutHintPresenter.swift */,
				OBJ_26 /* CalloutView.swift */,
				OBJ_27 /* HintPresenter.swift */,
			);
			path = Presenters;
			sourceTree = "<group>";
		};
		OBJ_28 /* Transitions */ = {
			isa = PBXGroup;
			children = (
				OBJ_29 /* FadeInTransition.swift */,
				OBJ_30 /* TutorialTransition.swift */,
			);
			path = Transitions;
			sourceTree = "<group>";
		};
		OBJ_31 /* Tutorials */ = {
			isa = PBXGroup;
			children = (
				OBJ_32 /* Models */,
				OBJ_37 /* Presenters */,
			);
			path = Tutorials;
			sourceTree = "<group>";
		};
		OBJ_32 /* Models */ = {
			isa = PBXGroup;
			children = (
				OBJ_33 /* CorrectBehaviorTutorial.swift */,
				OBJ_34 /* DeferredTutorial.swift */,
				OBJ_35 /* StandardTutorial.swift */,
				OBJ_36 /* Tutorial.swift */,
			);
			path = Models;
			sourceTree = "<group>";
		};
		OBJ_37 /* Presenters */ = {
			isa = PBXGroup;
			children = (
				OBJ_38 /* TutorialPresenter.swift */,
				OBJ_39 /* TutorialViewController.swift */,
				OBJ_40 /* TutorialViewControllerCell.swift */,
			);
			path = Presenters;
			sourceTree = "<group>";
		};
		OBJ_41 /* Tests */ = {
			isa = PBXGroup;
			children = (
				OBJ_42 /* TuttiTests */,
			);
			name = Tests;
			sourceTree = SOURCE_ROOT;
		};
		OBJ_42 /* TuttiTests */ = {
			isa = PBXGroup;
			children = (
				OBJ_43 /* General */,
				OBJ_50 /* Hints */,
				OBJ_56 /* Tutorials */,
				OBJ_63 /* XCTestManifests.swift */,
			);
			name = TuttiTests;
			path = Tests/TuttiTests;
			sourceTree = SOURCE_ROOT;
		};
		OBJ_43 /* General */ = {
			isa = PBXGroup;
			children = (
				OBJ_44 /* DeferredOnboardingTests.swift */,
				OBJ_45 /* Mocks */,
				OBJ_49 /* OnboardingTests.swift */,
			);
			path = General;
			sourceTree = "<group>";
		};
		OBJ_45 /* Mocks */ = {
			isa = PBXGroup;
			children = (
				OBJ_46 /* MockDeferredOnboarding.swift */,
				OBJ_47 /* MockOnboarding.swift */,
				OBJ_48 /* MockOnboardingPersistence.swift */,
			);
			path = Mocks;
			sourceTree = "<group>";
		};
		OBJ_5 = {
			isa = PBXGroup;
			children = (
				OBJ_6 /* Package.swift */,
				OBJ_7 /* Sources */,
				OBJ_41 /* Tests */,
				842BE8C4234A974700ED2260 /* TuttiDemo */,
				OBJ_157 /* Products */,
				OBJ_163 /* Resources */,
				OBJ_164 /* Fastlane */,
				842BE8BC234A968500ED2260 /* Project Files */,
				8472256E234A9A9600283684 /* Frameworks */,
			);
			sourceTree = "<group>";
		};
		OBJ_50 /* Hints */ = {
			isa = PBXGroup;
			children = (
				OBJ_51 /* Mocks */,
				OBJ_53 /* Models */,
			);
			path = Hints;
			sourceTree = "<group>";
		};
		OBJ_51 /* Mocks */ = {
			isa = PBXGroup;
			children = (
				OBJ_52 /* MockHintPresenter.swift */,
			);
			path = Mocks;
			sourceTree = "<group>";
		};
		OBJ_53 /* Models */ = {
			isa = PBXGroup;
			children = (
				OBJ_54 /* StandardDeferredHintTests.swift */,
				OBJ_55 /* StandardHintTests.swift */,
			);
			path = Models;
			sourceTree = "<group>";
		};
		OBJ_56 /* Tutorials */ = {
			isa = PBXGroup;
			children = (
				OBJ_57 /* Mocks */,
				OBJ_59 /* Models */,
			);
			path = Tutorials;
			sourceTree = "<group>";
		};
		OBJ_57 /* Mocks */ = {
			isa = PBXGroup;
			children = (
				OBJ_58 /* MockTutorialPresenter.swift */,
			);
			path = Mocks;
			sourceTree = "<group>";
		};
		OBJ_59 /* Models */ = {
			isa = PBXGroup;
			children = (
				OBJ_60 /* DeferredTutorialTests.swift */,
				OBJ_61 /* StandardTutorialTests.swift */,
				OBJ_62 /* TutorialTests.swift */,
			);
			path = Models;
			sourceTree = "<group>";
		};
		OBJ_7 /* Sources */ = {
			isa = PBXGroup;
			children = (
				OBJ_8 /* Tutti */,
			);
			name = Sources;
			sourceTree = SOURCE_ROOT;
		};
		OBJ_8 /* Tutti */ = {
			isa = PBXGroup;
			children = (
				OBJ_9 /* Extensions */,
				OBJ_11 /* General */,
				OBJ_17 /* Hints */,
				OBJ_28 /* Transitions */,
				OBJ_31 /* Tutorials */,
			);
			name = Tutti;
			path = Sources/Tutti;
			sourceTree = SOURCE_ROOT;
		};
		OBJ_9 /* Extensions */ = {
			isa = PBXGroup;
			children = (
				OBJ_10 /* UIScrollView+Page.swift */,
			);
			path = Extensions;
			sourceTree = "<group>";
		};
/* End PBXGroup section */

/* Begin PBXNativeTarget section */
		842BE8C2234A974700ED2260 /* TuttiDemo */ = {
			isa = PBXNativeTarget;
			buildConfigurationList = 842BE8D4234A974800ED2260 /* Build configuration list for PBXNativeTarget "TuttiDemo" */;
			buildPhases = (
				842BE8BF234A974700ED2260 /* Sources */,
				842BE8C0234A974700ED2260 /* Frameworks */,
				842BE8C1234A974700ED2260 /* Resources */,
				84722573234A9A9600283684 /* Embed Frameworks */,
			);
			buildRules = (
			);
			dependencies = (
				84722572234A9A9600283684 /* PBXTargetDependency */,
			);
			name = TuttiDemo;
			productName = TuttiDemo;
			productReference = 842BE8C3234A974700ED2260 /* TuttiDemo.app */;
			productType = "com.apple.product-type.application";
		};
		"Tutti::SwiftPMPackageDescription" /* TuttiPackageDescription */ = {
			isa = PBXNativeTarget;
			buildConfigurationList = OBJ_310 /* Build configuration list for PBXNativeTarget "TuttiPackageDescription" */;
			buildPhases = (
				OBJ_313 /* Sources */,
			);
			buildRules = (
			);
			dependencies = (
			);
			name = TuttiPackageDescription;
			productName = TuttiPackageDescription;
			productType = "com.apple.product-type.framework";
		};
		"Tutti::Tutti" /* Tutti */ = {
			isa = PBXNativeTarget;
			buildConfigurationList = OBJ_281 /* Build configuration list for PBXNativeTarget "Tutti" */;
			buildPhases = (
				842BE8BB234A966F00ED2260 /* SwiftLint */,
				OBJ_284 /* Sources */,
				OBJ_308 /* Frameworks */,
			);
			buildRules = (
			);
			dependencies = (
			);
			name = Tutti;
			productName = Tutti;
			productReference = "Tutti::Tutti::Product" /* Tutti.framework */;
			productType = "com.apple.product-type.framework";
		};
		"Tutti::TuttiTests" /* TuttiTests */ = {
			isa = PBXNativeTarget;
			buildConfigurationList = OBJ_321 /* Build configuration list for PBXNativeTarget "TuttiTests" */;
			buildPhases = (
				OBJ_324 /* Sources */,
				OBJ_338 /* Frameworks */,
			);
			buildRules = (
			);
			dependencies = (
				OBJ_346 /* PBXTargetDependency */,
			);
			name = TuttiTests;
			productName = TuttiTests;
			productReference = "Tutti::TuttiTests::Product" /* TuttiTests.xctest */;
			productType = "com.apple.product-type.bundle.unit-test";
		};
/* End PBXNativeTarget section */

/* Begin PBXProject section */
		OBJ_1 /* Project object */ = {
			isa = PBXProject;
			attributes = {
				LastSwiftMigration = 9999;
				LastSwiftUpdateCheck = 1100;
				LastUpgradeCheck = 9999;
				TargetAttributes = {
					842BE8C2234A974700ED2260 = {
						CreatedOnToolsVersion = 11.0;
						DevelopmentTeam = PMEDFW438U;
						ProvisioningStyle = Automatic;
					};
				};
			};
			buildConfigurationList = OBJ_2 /* Build configuration list for PBXProject "Tutti" */;
			compatibilityVersion = "Xcode 3.2";
			developmentRegion = en;
			hasScannedForEncodings = 0;
			knownRegions = (
				en,
				Base,
			);
			mainGroup = OBJ_5;
			productRefGroup = OBJ_157 /* Products */;
			projectDirPath = "";
			projectRoot = "";
			targets = (
				"Tutti::Tutti" /* Tutti */,
				"Tutti::SwiftPMPackageDescription" /* TuttiPackageDescription */,
				"Tutti::TuttiPackageTests::ProductTarget" /* TuttiPackageTests */,
				"Tutti::TuttiTests" /* TuttiTests */,
				842BE8C2234A974700ED2260 /* TuttiDemo */,
			);
		};
/* End PBXProject section */

/* Begin PBXResourcesBuildPhase section */
		842BE8C1234A974700ED2260 /* Resources */ = {
			isa = PBXResourcesBuildPhase;
			buildActionMask = 2147483647;
			files = (
				8472256D234A9A5200283684 /* TutorialViewController.xib in Resources */,
				8472256C234A9A5200283684 /* TutorialViewControllerCell.xib in Resources */,
				842BE8D2234A974800ED2260 /* LaunchScreen.storyboard in Resources */,
				84722559234A999F00283684 /* Localizable.strings in Resources */,
				842BE8CF234A974800ED2260 /* Assets.xcassets in Resources */,
				842BE8CD234A974700ED2260 /* Main.storyboard in Resources */,
			);
			runOnlyForDeploymentPostprocessing = 0;
		};
/* End PBXResourcesBuildPhase section */

/* Begin PBXShellScriptBuildPhase section */
		842BE8BB234A966F00ED2260 /* SwiftLint */ = {
			isa = PBXShellScriptBuildPhase;
			buildActionMask = 2147483647;
			files = (
			);
			inputFileListPaths = (
			);
			inputPaths = (
			);
			name = SwiftLint;
			outputFileListPaths = (
			);
			outputPaths = (
			);
			runOnlyForDeploymentPostprocessing = 0;
			shellPath = /bin/sh;
			shellScript = "if which swiftlint >/dev/null; then\n  swiftlint\nelse\n  echo \"warning: SwiftLint not installed, download from https://github.com/realm/SwiftLint\"\nfi\n";
		};
/* End PBXShellScriptBuildPhase section */

/* Begin PBXSourcesBuildPhase section */
		842BE8BF234A974700ED2260 /* Sources */ = {
			isa = PBXSourcesBuildPhase;
			buildActionMask = 2147483647;
			files = (
				84722561234A9A3700283684 /* ViewController.swift in Sources */,
				84722575234A9B1900283684 /* ViewController+Appearance.swift in Sources */,
				84722564234A9A3700283684 /* ViewController+User.swift in Sources */,
				84722562234A9A3700283684 /* ViewController+Hints.swift in Sources */,
				842BE8C6234A974700ED2260 /* AppDelegate.swift in Sources */,
				8472256B234A9A5200283684 /* TableViewOption.swift in Sources */,
				84722563234A9A3700283684 /* ViewController+TableView.swift in Sources */,
				84722565234A9A3700283684 /* ViewController+Tutorials.swift in Sources */,
				842BE8C8234A974700ED2260 /* SceneDelegate.swift in Sources */,
			);
			runOnlyForDeploymentPostprocessing = 0;
		};
		OBJ_284 /* Sources */ = {
			isa = PBXSourcesBuildPhase;
			buildActionMask = 0;
			files = (
				OBJ_285 /* UIScrollView+Page.swift in Sources */,
				OBJ_286 /* CorrectBehaviorOnboarding.swift in Sources */,
				OBJ_287 /* DeferredOnboarding.swift in Sources */,
				OBJ_288 /* Onboarding.swift in Sources */,
				OBJ_289 /* OnboardingPersistence.swift in Sources */,
				OBJ_290 /* OnboardingPresenter.swift in Sources */,
				OBJ_291 /* CorrectBehaviorHint.swift in Sources */,
				OBJ_292 /* DeferredHint.swift in Sources */,
				OBJ_293 /* Hint.swift in Sources */,
				OBJ_294 /* StandardHint.swift in Sources */,
				OBJ_295 /* AlertHintPresenter.swift in Sources */,
				OBJ_296 /* CalloutHintPresenter.swift in Sources */,
				OBJ_297 /* CalloutView.swift in Sources */,
				OBJ_298 /* HintPresenter.swift in Sources */,
				OBJ_299 /* FadeInTransition.swift in Sources */,
				OBJ_300 /* TutorialTransition.swift in Sources */,
				OBJ_301 /* CorrectBehaviorTutorial.swift in Sources */,
				OBJ_302 /* DeferredTutorial.swift in Sources */,
				OBJ_303 /* StandardTutorial.swift in Sources */,
				OBJ_304 /* Tutorial.swift in Sources */,
				OBJ_305 /* TutorialPresenter.swift in Sources */,
				OBJ_306 /* TutorialViewController.swift in Sources */,
				OBJ_307 /* TutorialViewControllerCell.swift in Sources */,
			);
			runOnlyForDeploymentPostprocessing = 0;
		};
		OBJ_313 /* Sources */ = {
			isa = PBXSourcesBuildPhase;
			buildActionMask = 0;
			files = (
				OBJ_314 /* Package.swift in Sources */,
			);
			runOnlyForDeploymentPostprocessing = 0;
		};
		OBJ_324 /* Sources */ = {
			isa = PBXSourcesBuildPhase;
			buildActionMask = 0;
			files = (
				OBJ_325 /* DeferredOnboardingTests.swift in Sources */,
				OBJ_326 /* MockDeferredOnboarding.swift in Sources */,
				OBJ_327 /* MockOnboarding.swift in Sources */,
				OBJ_328 /* MockOnboardingPersistence.swift in Sources */,
				OBJ_329 /* OnboardingTests.swift in Sources */,
				OBJ_330 /* MockHintPresenter.swift in Sources */,
				OBJ_331 /* StandardDeferredHintTests.swift in Sources */,
				OBJ_332 /* StandardHintTests.swift in Sources */,
				OBJ_333 /* MockTutorialPresenter.swift in Sources */,
				OBJ_334 /* DeferredTutorialTests.swift in Sources */,
				OBJ_335 /* StandardTutorialTests.swift in Sources */,
				OBJ_336 /* TutorialTests.swift in Sources */,
				OBJ_337 /* XCTestManifests.swift in Sources */,
			);
			runOnlyForDeploymentPostprocessing = 0;
		};
/* End PBXSourcesBuildPhase section */

/* Begin PBXTargetDependency section */
		84722572234A9A9600283684 /* PBXTargetDependency */ = {
			isa = PBXTargetDependency;
			target = "Tutti::Tutti" /* Tutti */;
			targetProxy = 84722571234A9A9600283684 /* PBXContainerItemProxy */;
		};
		OBJ_319 /* PBXTargetDependency */ = {
			isa = PBXTargetDependency;
			target = "Tutti::TuttiTests" /* TuttiTests */;
			targetProxy = 842BE8BA234A962F00ED2260 /* PBXContainerItemProxy */;
		};
		OBJ_346 /* PBXTargetDependency */ = {
			isa = PBXTargetDependency;
			target = "Tutti::Tutti" /* Tutti */;
			targetProxy = 842BE8B9234A962D00ED2260 /* PBXContainerItemProxy */;
		};
/* End PBXTargetDependency section */

/* Begin PBXVariantGroup section */
		842BE8CB234A974700ED2260 /* Main.storyboard */ = {
			isa = PBXVariantGroup;
			children = (
				842BE8CC234A974700ED2260 /* Base */,
			);
			name = Main.storyboard;
			sourceTree = "<group>";
		};
		842BE8D0234A974800ED2260 /* LaunchScreen.storyboard */ = {
			isa = PBXVariantGroup;
			children = (
				842BE8D1234A974800ED2260 /* Base */,
			);
			name = LaunchScreen.storyboard;
			sourceTree = "<group>";
		};
		84722557234A999F00283684 /* Localizable.strings */ = {
			isa = PBXVariantGroup;
			children = (
				84722558234A999F00283684 /* Base */,
			);
			name = Localizable.strings;
			sourceTree = "<group>";
		};
/* End PBXVariantGroup section */

/* Begin XCBuildConfiguration section */
		842BE8D5234A974800ED2260 /* Debug */ = {
			isa = XCBuildConfiguration;
			buildSettings = {
				ALWAYS_SEARCH_USER_PATHS = NO;
				ASSETCATALOG_COMPILER_APPICON_NAME = AppIcon;
				CLANG_ANALYZER_NONNULL = YES;
				CLANG_ANALYZER_NUMBER_OBJECT_CONVERSION = YES_AGGRESSIVE;
				CLANG_CXX_LANGUAGE_STANDARD = "gnu++14";
				CLANG_CXX_LIBRARY = "libc++";
				CLANG_ENABLE_MODULES = YES;
				CLANG_ENABLE_OBJC_WEAK = YES;
				CLANG_WARN_BLOCK_CAPTURE_AUTORELEASING = YES;
				CLANG_WARN_BOOL_CONVERSION = YES;
				CLANG_WARN_COMMA = YES;
				CLANG_WARN_CONSTANT_CONVERSION = YES;
				CLANG_WARN_DEPRECATED_OBJC_IMPLEMENTATIONS = YES;
				CLANG_WARN_DIRECT_OBJC_ISA_USAGE = YES_ERROR;
				CLANG_WARN_DOCUMENTATION_COMMENTS = YES;
				CLANG_WARN_EMPTY_BODY = YES;
				CLANG_WARN_ENUM_CONVERSION = YES;
				CLANG_WARN_INFINITE_RECURSION = YES;
				CLANG_WARN_INT_CONVERSION = YES;
				CLANG_WARN_NON_LITERAL_NULL_CONVERSION = YES;
				CLANG_WARN_OBJC_IMPLICIT_RETAIN_SELF = YES;
				CLANG_WARN_OBJC_LITERAL_CONVERSION = YES;
				CLANG_WARN_OBJC_ROOT_CLASS = YES_ERROR;
				CLANG_WARN_RANGE_LOOP_ANALYSIS = YES;
				CLANG_WARN_STRICT_PROTOTYPES = YES;
				CLANG_WARN_SUSPICIOUS_MOVE = YES;
				CLANG_WARN_UNGUARDED_AVAILABILITY = YES_AGGRESSIVE;
				CLANG_WARN_UNREACHABLE_CODE = YES;
				CLANG_WARN__DUPLICATE_METHOD_MATCH = YES;
				CODE_SIGN_STYLE = Automatic;
				DEVELOPMENT_TEAM = PMEDFW438U;
				ENABLE_STRICT_OBJC_MSGSEND = YES;
				ENABLE_TESTABILITY = YES;
				GCC_C_LANGUAGE_STANDARD = gnu11;
				GCC_DYNAMIC_NO_PIC = NO;
				GCC_NO_COMMON_BLOCKS = YES;
				GCC_PREPROCESSOR_DEFINITIONS = (
					"DEBUG=1",
					"$(inherited)",
				);
				GCC_WARN_64_TO_32_BIT_CONVERSION = YES;
				GCC_WARN_ABOUT_RETURN_TYPE = YES_ERROR;
				GCC_WARN_UNDECLARED_SELECTOR = YES;
				GCC_WARN_UNINITIALIZED_AUTOS = YES_AGGRESSIVE;
				GCC_WARN_UNUSED_FUNCTION = YES;
				GCC_WARN_UNUSED_VARIABLE = YES;
				INFOPLIST_FILE = TuttiDemo/Info.plist;
				LD_RUNPATH_SEARCH_PATHS = "$(inherited) @executable_path/Frameworks";
				MTL_ENABLE_DEBUG_INFO = INCLUDE_SOURCE;
				MTL_FAST_MATH = YES;
				PRODUCT_BUNDLE_IDENTIFIER = com.danielsaidi.TuttiDemo;
				PRODUCT_NAME = "$(TARGET_NAME)";
				SWIFT_ACTIVE_COMPILATION_CONDITIONS = DEBUG;
				SWIFT_VERSION = 5.0;
				TARGETED_DEVICE_FAMILY = "1,2";
			};
			name = Debug;
		};
		842BE8D6234A974800ED2260 /* Release */ = {
			isa = XCBuildConfiguration;
			buildSettings = {
				ALWAYS_SEARCH_USER_PATHS = NO;
				ASSETCATALOG_COMPILER_APPICON_NAME = AppIcon;
				CLANG_ANALYZER_NONNULL = YES;
				CLANG_ANALYZER_NUMBER_OBJECT_CONVERSION = YES_AGGRESSIVE;
				CLANG_CXX_LANGUAGE_STANDARD = "gnu++14";
				CLANG_CXX_LIBRARY = "libc++";
				CLANG_ENABLE_MODULES = YES;
				CLANG_ENABLE_OBJC_WEAK = YES;
				CLANG_WARN_BLOCK_CAPTURE_AUTORELEASING = YES;
				CLANG_WARN_BOOL_CONVERSION = YES;
				CLANG_WARN_COMMA = YES;
				CLANG_WARN_CONSTANT_CONVERSION = YES;
				CLANG_WARN_DEPRECATED_OBJC_IMPLEMENTATIONS = YES;
				CLANG_WARN_DIRECT_OBJC_ISA_USAGE = YES_ERROR;
				CLANG_WARN_DOCUMENTATION_COMMENTS = YES;
				CLANG_WARN_EMPTY_BODY = YES;
				CLANG_WARN_ENUM_CONVERSION = YES;
				CLANG_WARN_INFINITE_RECURSION = YES;
				CLANG_WARN_INT_CONVERSION = YES;
				CLANG_WARN_NON_LITERAL_NULL_CONVERSION = YES;
				CLANG_WARN_OBJC_IMPLICIT_RETAIN_SELF = YES;
				CLANG_WARN_OBJC_LITERAL_CONVERSION = YES;
				CLANG_WARN_OBJC_ROOT_CLASS = YES_ERROR;
				CLANG_WARN_RANGE_LOOP_ANALYSIS = YES;
				CLANG_WARN_STRICT_PROTOTYPES = YES;
				CLANG_WARN_SUSPICIOUS_MOVE = YES;
				CLANG_WARN_UNGUARDED_AVAILABILITY = YES_AGGRESSIVE;
				CLANG_WARN_UNREACHABLE_CODE = YES;
				CLANG_WARN__DUPLICATE_METHOD_MATCH = YES;
				CODE_SIGN_STYLE = Automatic;
				COPY_PHASE_STRIP = NO;
				DEVELOPMENT_TEAM = PMEDFW438U;
				ENABLE_NS_ASSERTIONS = NO;
				ENABLE_STRICT_OBJC_MSGSEND = YES;
				GCC_C_LANGUAGE_STANDARD = gnu11;
				GCC_NO_COMMON_BLOCKS = YES;
				GCC_WARN_64_TO_32_BIT_CONVERSION = YES;
				GCC_WARN_ABOUT_RETURN_TYPE = YES_ERROR;
				GCC_WARN_UNDECLARED_SELECTOR = YES;
				GCC_WARN_UNINITIALIZED_AUTOS = YES_AGGRESSIVE;
				GCC_WARN_UNUSED_FUNCTION = YES;
				GCC_WARN_UNUSED_VARIABLE = YES;
				INFOPLIST_FILE = TuttiDemo/Info.plist;
				LD_RUNPATH_SEARCH_PATHS = "$(inherited) @executable_path/Frameworks";
				MTL_ENABLE_DEBUG_INFO = NO;
				MTL_FAST_MATH = YES;
				PRODUCT_BUNDLE_IDENTIFIER = com.danielsaidi.TuttiDemo;
				PRODUCT_NAME = "$(TARGET_NAME)";
				SWIFT_VERSION = 5.0;
				TARGETED_DEVICE_FAMILY = "1,2";
				VALIDATE_PRODUCT = YES;
			};
			name = Release;
		};
		OBJ_282 /* Debug */ = {
			isa = XCBuildConfiguration;
			buildSettings = {
				ENABLE_TESTABILITY = YES;
				FRAMEWORK_SEARCH_PATHS = (
					"$(inherited)",
					"$(PLATFORM_DIR)/Developer/Library/Frameworks",
				);
				HEADER_SEARCH_PATHS = "$(inherited)";
				INFOPLIST_FILE = Tutti.xcodeproj/Tutti_Info.plist;
				LD_RUNPATH_SEARCH_PATHS = "$(inherited) $(TOOLCHAIN_DIR)/usr/lib/swift/macosx";
				OTHER_CFLAGS = "$(inherited)";
				OTHER_LDFLAGS = "$(inherited)";
				OTHER_SWIFT_FLAGS = "$(inherited)";
				PRODUCT_BUNDLE_IDENTIFIER = Tutti;
				PRODUCT_MODULE_NAME = "$(TARGET_NAME:c99extidentifier)";
				PRODUCT_NAME = "$(TARGET_NAME:c99extidentifier)";
				SKIP_INSTALL = YES;
				SWIFT_ACTIVE_COMPILATION_CONDITIONS = "$(inherited)";
				SWIFT_VERSION = 5.0;
				TARGET_NAME = Tutti;
			};
			name = Debug;
		};
		OBJ_283 /* Release */ = {
			isa = XCBuildConfiguration;
			buildSettings = {
				ENABLE_TESTABILITY = YES;
				FRAMEWORK_SEARCH_PATHS = (
					"$(inherited)",
					"$(PLATFORM_DIR)/Developer/Library/Frameworks",
				);
				HEADER_SEARCH_PATHS = "$(inherited)";
				INFOPLIST_FILE = Tutti.xcodeproj/Tutti_Info.plist;
				LD_RUNPATH_SEARCH_PATHS = "$(inherited) $(TOOLCHAIN_DIR)/usr/lib/swift/macosx";
				OTHER_CFLAGS = "$(inherited)";
				OTHER_LDFLAGS = "$(inherited)";
				OTHER_SWIFT_FLAGS = "$(inherited)";
				PRODUCT_BUNDLE_IDENTIFIER = Tutti;
				PRODUCT_MODULE_NAME = "$(TARGET_NAME:c99extidentifier)";
				PRODUCT_NAME = "$(TARGET_NAME:c99extidentifier)";
				SKIP_INSTALL = YES;
				SWIFT_ACTIVE_COMPILATION_CONDITIONS = "$(inherited)";
				SWIFT_VERSION = 5.0;
				TARGET_NAME = Tutti;
			};
			name = Release;
		};
		OBJ_3 /* Debug */ = {
			isa = XCBuildConfiguration;
			buildSettings = {
				CLANG_ENABLE_OBJC_ARC = YES;
				COMBINE_HIDPI_IMAGES = YES;
				COPY_PHASE_STRIP = NO;
				DEBUG_INFORMATION_FORMAT = dwarf;
				DYLIB_INSTALL_NAME_BASE = "@rpath";
				ENABLE_NS_ASSERTIONS = YES;
				GCC_OPTIMIZATION_LEVEL = 0;
				GCC_PREPROCESSOR_DEFINITIONS = (
					"$(inherited)",
					"SWIFT_PACKAGE=1",
					"DEBUG=1",
				);
				ONLY_ACTIVE_ARCH = YES;
				OTHER_SWIFT_FLAGS = "$(inherited) -DXcode";
				PRODUCT_NAME = "$(TARGET_NAME)";
				SDKROOT = iphoneos;
				SUPPORTED_PLATFORMS = "iphonesimulator iphoneos";
				SWIFT_ACTIVE_COMPILATION_CONDITIONS = "$(inherited) SWIFT_PACKAGE DEBUG";
				SWIFT_OPTIMIZATION_LEVEL = "-Onone";
				USE_HEADERMAP = NO;
			};
			name = Debug;
		};
		OBJ_311 /* Debug */ = {
			isa = XCBuildConfiguration;
			buildSettings = {
				LD = /usr/bin/true;
				OTHER_SWIFT_FLAGS = "-swift-version 5 -I $(TOOLCHAIN_DIR)/usr/lib/swift/pm/4_2 -target x86_64-apple-macosx10.10 -sdk /Applications/Xcode.app/Contents/Developer/Platforms/MacOSX.platform/Developer/SDKs/MacOSX10.15.sdk -package-description-version 5.1";
				SWIFT_VERSION = 5.0;
			};
			name = Debug;
		};
		OBJ_312 /* Release */ = {
			isa = XCBuildConfiguration;
			buildSettings = {
				LD = /usr/bin/true;
				OTHER_SWIFT_FLAGS = "-swift-version 5 -I $(TOOLCHAIN_DIR)/usr/lib/swift/pm/4_2 -target x86_64-apple-macosx10.10 -sdk /Applications/Xcode.app/Contents/Developer/Platforms/MacOSX.platform/Developer/SDKs/MacOSX10.15.sdk -package-description-version 5.1";
				SWIFT_VERSION = 5.0;
			};
			name = Release;
		};
		OBJ_317 /* Debug */ = {
			isa = XCBuildConfiguration;
			buildSettings = {
			};
			name = Debug;
		};
		OBJ_318 /* Release */ = {
			isa = XCBuildConfiguration;
			buildSettings = {
			};
			name = Release;
		};
		OBJ_322 /* Debug */ = {
			isa = XCBuildConfiguration;
			buildSettings = {
				CLANG_ENABLE_MODULES = YES;
				EMBEDDED_CONTENT_CONTAINS_SWIFT = YES;
				FRAMEWORK_SEARCH_PATHS = (
					"$(inherited)",
					"$(PLATFORM_DIR)/Developer/Library/Frameworks",
				);
				HEADER_SEARCH_PATHS = (
					"$(inherited)",
					"$(SRCROOT)/.build/checkouts/Quick/Sources/QuickSpecBase/include",
				);
				INFOPLIST_FILE = Tutti.xcodeproj/TuttiTests_Info.plist;
				LD_RUNPATH_SEARCH_PATHS = "$(inherited) @loader_path/../Frameworks @loader_path/Frameworks";
				OTHER_CFLAGS = "$(inherited)";
				OTHER_LDFLAGS = "$(inherited)";
				OTHER_SWIFT_FLAGS = "$(inherited)";
				SWIFT_ACTIVE_COMPILATION_CONDITIONS = "$(inherited)";
				SWIFT_VERSION = 5.0;
				TARGET_NAME = TuttiTests;
			};
			name = Debug;
		};
		OBJ_323 /* Release */ = {
			isa = XCBuildConfiguration;
			buildSettings = {
				CLANG_ENABLE_MODULES = YES;
				EMBEDDED_CONTENT_CONTAINS_SWIFT = YES;
				FRAMEWORK_SEARCH_PATHS = (
					"$(inherited)",
					"$(PLATFORM_DIR)/Developer/Library/Frameworks",
				);
				HEADER_SEARCH_PATHS = (
					"$(inherited)",
					"$(SRCROOT)/.build/checkouts/Quick/Sources/QuickSpecBase/include",
				);
				INFOPLIST_FILE = Tutti.xcodeproj/TuttiTests_Info.plist;
				LD_RUNPATH_SEARCH_PATHS = "$(inherited) @loader_path/../Frameworks @loader_path/Frameworks";
				OTHER_CFLAGS = "$(inherited)";
				OTHER_LDFLAGS = "$(inherited)";
				OTHER_SWIFT_FLAGS = "$(inherited)";
				SWIFT_ACTIVE_COMPILATION_CONDITIONS = "$(inherited)";
				SWIFT_VERSION = 5.0;
				TARGET_NAME = TuttiTests;
			};
			name = Release;
		};
		OBJ_4 /* Release */ = {
			isa = XCBuildConfiguration;
			buildSettings = {
				CLANG_ENABLE_OBJC_ARC = YES;
				COMBINE_HIDPI_IMAGES = YES;
				COPY_PHASE_STRIP = YES;
				DEBUG_INFORMATION_FORMAT = "dwarf-with-dsym";
				DYLIB_INSTALL_NAME_BASE = "@rpath";
				GCC_OPTIMIZATION_LEVEL = s;
				GCC_PREPROCESSOR_DEFINITIONS = (
					"$(inherited)",
					"SWIFT_PACKAGE=1",
				);
				OTHER_SWIFT_FLAGS = "$(inherited) -DXcode";
				PRODUCT_NAME = "$(TARGET_NAME)";
				SDKROOT = iphoneos;
				SUPPORTED_PLATFORMS = "iphonesimulator iphoneos";
				SWIFT_ACTIVE_COMPILATION_CONDITIONS = "$(inherited) SWIFT_PACKAGE";
				SWIFT_OPTIMIZATION_LEVEL = "-Owholemodule";
				USE_HEADERMAP = NO;
			};
			name = Release;
		};
/* End XCBuildConfiguration section */

/* Begin XCConfigurationList section */
		842BE8D4234A974800ED2260 /* Build configuration list for PBXNativeTarget "TuttiDemo" */ = {
			isa = XCConfigurationList;
			buildConfigurations = (
				842BE8D5234A974800ED2260 /* Debug */,
				842BE8D6234A974800ED2260 /* Release */,
			);
			defaultConfigurationIsVisible = 0;
			defaultConfigurationName = Release;
		};
		OBJ_2 /* Build configuration list for PBXProject "Tutti" */ = {
			isa = XCConfigurationList;
			buildConfigurations = (
				OBJ_3 /* Debug */,
				OBJ_4 /* Release */,
			);
			defaultConfigurationIsVisible = 0;
			defaultConfigurationName = Release;
		};
		OBJ_281 /* Build configuration list for PBXNativeTarget "Tutti" */ = {
			isa = XCConfigurationList;
			buildConfigurations = (
				OBJ_282 /* Debug */,
				OBJ_283 /* Release */,
			);
			defaultConfigurationIsVisible = 0;
			defaultConfigurationName = Release;
		};
		OBJ_310 /* Build configuration list for PBXNativeTarget "TuttiPackageDescription" */ = {
			isa = XCConfigurationList;
			buildConfigurations = (
				OBJ_311 /* Debug */,
				OBJ_312 /* Release */,
			);
			defaultConfigurationIsVisible = 0;
			defaultConfigurationName = Release;
		};
		OBJ_316 /* Build configuration list for PBXAggregateTarget "TuttiPackageTests" */ = {
			isa = XCConfigurationList;
			buildConfigurations = (
				OBJ_317 /* Debug */,
				OBJ_318 /* Release */,
			);
			defaultConfigurationIsVisible = 0;
			defaultConfigurationName = Release;
		};
		OBJ_321 /* Build configuration list for PBXNativeTarget "TuttiTests" */ = {
			isa = XCConfigurationList;
			buildConfigurations = (
				OBJ_322 /* Debug */,
				OBJ_323 /* Release */,
			);
			defaultConfigurationIsVisible = 0;
			defaultConfigurationName = Release;
		};
/* End XCConfigurationList section */
	};
	rootObject = OBJ_1 /* Project object */;
}
