{
  "object": {
    "pins": [
      {
        "package": "Tutti",
        "repositoryURL": "https://github.com/danielsaidi/Tutti.git",
        "state": {
          "branch": "master",
          "revision": "d22b5addb457708092df1b78b90513dcd10abae9",
          "version": null
        }
      }
    ]
  },
  "version": 1
}
