{
  "object": {
    "pins": [
      {
        "package": "Tutti",
        "repositoryURL": "https://github.com/danielsaidi/Tutti.git",
        "state": {
          "branch": "show-title-in-callout",
          "revision": "a06c014f3ab29b37303cef4049ce785e3c1393d3",
          "version": null
        }
      }
    ]
  },
  "version": 1
}
