{
  "object": {
    "pins": [
      {
        "package": "Tutti",
        "repositoryURL": "https://github.com/danielsaidi/Tutti.git",
        "state": {
          "branch": null,
          "revision": "fa555a30b0046e51edc172bbed4a619904463458",
          "version": "3.0.0"
        }
      }
    ]
  },
  "version": 1
}
