{
  "object": {
    "pins": [
      {
        "package": "Tutti",
        "repositoryURL": "https://github.com/danielsaidi/Tutti",
        "state": {
          "branch": null,
          "revision": "adfc8baad9495c60bc28ecfc131db8df21832369",
          "version": "4.0.0"
        }
      }
    ]
  },
  "version": 1
}
