{
  "object": {
    "pins": [
      {
        "package": "Tutti",
        "repositoryURL": "https://github.com/danielsaidi/Tutti.git",
        "state": {
          "branch": "3.0-beta",
          "revision": "bed536bb1f1d474b0ef451c3c3d2734f07fb69c5",
          "version": null
        }
      }
    ]
  },
  "version": 1
}
