{
  "object": {
    "pins": [
      {
        "package": "Tutti",
        "repositoryURL": "https://github.com/danielsaidi/Tutti.git",
        "state": {
          "branch": "3.0-beta",
          "revision": "f2e8f38a7c7262d353e7682add5bb5df9087c16d",
          "version": null
        }
      }
    ]
  },
  "version": 1
}
